
Microsoft Visual Studio Solution File, Format Version 12.00
# Visual Studio 15
VisualStudioVersion = 15.0.27130.2027
MinimumVisualStudioVersion = 10.0.40219.1
Project("{FAE04EC0-301F-11D3-BF4B-00C04F79EFBC}") = "ReserveSystem", "ReserveSystem\ReserveSystem.csproj", "{733344A7-93A9-40FD-8584-30E9C87CBE5A}"
EndProject
Project("{FAE04EC0-301F-11D3-BF4B-00C04F79EFBC}") = "SimpleGame", "SimpleGame\SimpleGame.csproj", "{DEC913BB-0C79-4352-8410-D8EACE6A1AE5}"
EndProject
Project("{FAE04EC0-301F-11D3-BF4B-00C04F79EFBC}") = "Game1", "Game1\Game1.csproj", "{EA9CC032-5F95-4D55-9A50-C486F5F70469}"
EndProject
Global
	GlobalSection(SolutionConfigurationPlatforms) = preSolution
		Debug|Any CPU = Debug|Any CPU
		Release|Any CPU = Release|Any CPU
	EndGlobalSection
	GlobalSection(ProjectConfigurationPlatforms) = postSolution
		{733344A7-93A9-40FD-8584-30E9C87CBE5A}.Debug|Any CPU.ActiveCfg = Debug|Any CPU
		{733344A7-93A9-40FD-8584-30E9C87CBE5A}.Debug|Any CPU.Build.0 = Debug|Any CPU
		{733344A7-93A9-40FD-8584-30E9C87CBE5A}.Release|Any CPU.ActiveCfg = Release|Any CPU
		{733344A7-93A9-40FD-8584-30E9C87CBE5A}.Release|Any CPU.Build.0 = Release|Any CPU
		{DEC913BB-0C79-4352-8410-D8EACE6A1AE5}.Debug|Any CPU.ActiveCfg = Debug|Any CPU
		{DEC913BB-0C79-4352-8410-D8EACE6A1AE5}.Debug|Any CPU.Build.0 = Debug|Any CPU
		{DEC913BB-0C79-4352-8410-D8EACE6A1AE5}.Release|Any CPU.ActiveCfg = Release|Any CPU
		{DEC913BB-0C79-4352-8410-D8EACE6A1AE5}.Release|Any CPU.Build.0 = Release|Any CPU
		{EA9CC032-5F95-4D55-9A50-C486F5F70469}.Debug|Any CPU.ActiveCfg = Debug|Any CPU
		{EA9CC032-5F95-4D55-9A50-C486F5F70469}.Debug|Any CPU.Build.0 = Debug|Any CPU
		{EA9CC032-5F95-4D55-9A50-C486F5F70469}.Release|Any CPU.ActiveCfg = Release|Any CPU
		{EA9CC032-5F95-4D55-9A50-C486F5F70469}.Release|Any CPU.Build.0 = Release|Any CPU
	EndGlobalSection
	GlobalSection(SolutionProperties) = preSolution
		HideSolutionNode = FALSE
	EndGlobalSection
	GlobalSection(ExtensibilityGlobals) = postSolution
		SolutionGuid = {791CBFD3-F9DA-4DA5-A80F-39C000A7C7BD}
	EndGlobalSection
EndGlobal
